
Microsoft Visual Studio Solution File, Format Version 12.00
# Visual Studio 2012
Project("{FAE04EC0-301F-11D3-BF4B-00C04F79EFBC}") = "GPESolver", "GPESolver\GPESolver.csproj", "{CACA7C3A-8771-4A72-9890-19D789BFFBF7}"
EndProject
Project("{FAE04EC0-301F-11D3-BF4B-00C04F79EFBC}") = "OurMaths", "OurMaths\OurMaths.csproj", "{CF027307-4199-4920-9D3A-8E773C40E7C3}"
EndProject
Global
	GlobalSection(SolutionConfigurationPlatforms) = preSolution
		Debug|x86 = Debug|x86
		Release|x86 = Release|x86
	EndGlobalSection
	GlobalSection(ProjectConfigurationPlatforms) = postSolution
		{CACA7C3A-8771-4A72-9890-19D789BFFBF7}.Debug|x86.ActiveCfg = Debug|x86
		{CACA7C3A-8771-4A72-9890-19D789BFFBF7}.Debug|x86.Build.0 = Debug|x86
		{CACA7C3A-8771-4A72-9890-19D789BFFBF7}.Release|x86.ActiveCfg = Release|x86
		{CACA7C3A-8771-4A72-9890-19D789BFFBF7}.Release|x86.Build.0 = Release|x86
		{CF027307-4199-4920-9D3A-8E773C40E7C3}.Debug|x86.ActiveCfg = Debug|Any CPU
		{CF027307-4199-4920-9D3A-8E773C40E7C3}.Debug|x86.Build.0 = Debug|Any CPU
		{CF027307-4199-4920-9D3A-8E773C40E7C3}.Release|x86.ActiveCfg = Release|Any CPU
		{CF027307-4199-4920-9D3A-8E773C40E7C3}.Release|x86.Build.0 = Release|Any CPU
	EndGlobalSection
EndGlobal
